
Microsoft Visual Studio Solution File, Format Version 12.00
# Visual Studio 15
VisualStudioVersion = 15.0.26730.16
MinimumVisualStudioVersion = 10.0.40219.1
Project("{FAE04EC0-301F-11D3-BF4B-00C04F79EFBC}") = "SimGui", "SimGui\SimGui.csproj", "{FBBA9474-FEE0-4239-8FEA-41E3687BA993}"
EndProject
Global
	GlobalSection(SolutionConfigurationPlatforms) = preSolution
		Debug|Any CPU = Debug|Any CPU
		Release|Any CPU = Release|Any CPU
	EndGlobalSection
	GlobalSection(ProjectConfigurationPlatforms) = postSolution
		{FBBA9474-FEE0-4239-8FEA-41E3687BA993}.Debug|Any CPU.ActiveCfg = Debug|Any CPU
		{FBBA9474-FEE0-4239-8FEA-41E3687BA993}.Debug|Any CPU.Build.0 = Debug|Any CPU
		{FBBA9474-FEE0-4239-8FEA-41E3687BA993}.Release|Any CPU.ActiveCfg = Release|Any CPU
		{FBBA9474-FEE0-4239-8FEA-41E3687BA993}.Release|Any CPU.Build.0 = Release|Any CPU
	EndGlobalSection
	GlobalSection(SolutionProperties) = preSolution
		HideSolutionNode = FALSE
	EndGlobalSection
	GlobalSection(ExtensibilityGlobals) = postSolution
		SolutionGuid = {954356BE-F03C-4F31-8DB2-8B88BBC986F2}
	EndGlobalSection
EndGlobal
